
Microsoft Visual Studio Solution File, Format Version 12.00
# Visual Studio Version 18
VisualStudioVersion = 18.3.11505.172
MinimumVisualStudioVersion = 10.0.40219.1
Project("{2150E333-8FDC-42A3-9474-1A3956D46DE8}") = "Services", "Services", "{02EA681E-C7D8-13C7-8484-4AC65E1B71E8}"
EndProject
Project("{2150E333-8FDC-42A3-9474-1A3956D46DE8}") = "WebApps", "WebApps", "{275B8639-9248-41D2-8D6B-F6F5CDB8E7A9}"
EndProject
Project("{2150E333-8FDC-42A3-9474-1A3956D46DE8}") = "Encoding", "Encoding", "{9D937C13-3693-4830-8818-89AE22536AB2}"
EndProject
Project("{FAE04EC0-301F-11D3-BF4B-00C04F79EFBC}") = "Encoding.Domain", "Services\Encoding\Encoding.Domain\Encoding.Domain.csproj", "{A7B5E9A0-6122-B2D2-29F8-C7985CCAEB30}"
EndProject
Project("{FAE04EC0-301F-11D3-BF4B-00C04F79EFBC}") = "Encoding.Application", "Services\Encoding\Encoding.Application\Encoding.Application.csproj", "{833D7434-D05A-5B95-0EF1-9C0FED82F0EF}"
EndProject
Project("{FAE04EC0-301F-11D3-BF4B-00C04F79EFBC}") = "Encoding.Infrastructure", "Services\Encoding\Encoding.Infrastructure\Encoding.Infrastructure.csproj", "{82D52D09-A6B5-A75F-7150-B3EDC3AA28B6}"
EndProject
Project("{FAE04EC0-301F-11D3-BF4B-00C04F79EFBC}") = "Encoding.WebApi", "Services\Encoding\Encoding.WebApi\Encoding.WebApi.csproj", "{A5E949BC-3489-626E-1414-A47956B543F6}"
EndProject
Project("{E53339B2-1760-4266-BCC7-CA923CBCF16C}") = "docker-compose", "docker-compose.dcproj", "{81DDED9D-158B-E303-5F62-77A2896D2A5A}"
EndProject
Project("{FAE04EC0-301F-11D3-BF4B-00C04F79EFBC}") = "Encoding.Infrastructure.Tests", "Services\Encoding\Encoding.Infrastructure.Tests\Encoding.Infrastructure.Tests.csproj", "{803BBFDB-0867-42C2-B6E1-B643B289438D}"
EndProject
Project("{FAE04EC0-301F-11D3-BF4B-00C04F79EFBC}") = "Encoding.Application.Tests", "Services\Encoding\Encoding.Application.Tests\Encoding.Application.Tests.csproj", "{759B412B-5113-43F0-9376-EA99BDE14744}"
EndProject
Project("{FAE04EC0-301F-11D3-BF4B-00C04F79EFBC}") = "Encoding.Domain.Tests", "Services\Encoding\Encoding.Domain.Tests\Encoding.Domain.Tests.csproj", "{6FBFF9F4-600B-4C2E-BCC9-47F2FF407936}"
EndProject
Project("{FAE04EC0-301F-11D3-BF4B-00C04F79EFBC}") = "Encoding.WebApi.Tests", "Services\Encoding\Encoding.WebApi.Tests\Encoding.WebApi.Tests.csproj", "{3868D976-05B8-43EC-AE6A-D0CB423670A4}"
EndProject
Global
	GlobalSection(SolutionConfigurationPlatforms) = preSolution
		Debug|Any CPU = Debug|Any CPU
		Debug|x64 = Debug|x64
		Debug|x86 = Debug|x86
		Release|Any CPU = Release|Any CPU
		Release|x64 = Release|x64
		Release|x86 = Release|x86
	EndGlobalSection
	GlobalSection(ProjectConfigurationPlatforms) = postSolution
		{A7B5E9A0-6122-B2D2-29F8-C7985CCAEB30}.Debug|Any CPU.ActiveCfg = Debug|Any CPU
		{A7B5E9A0-6122-B2D2-29F8-C7985CCAEB30}.Debug|Any CPU.Build.0 = Debug|Any CPU
		{A7B5E9A0-6122-B2D2-29F8-C7985CCAEB30}.Debug|x64.ActiveCfg = Debug|Any CPU
		{A7B5E9A0-6122-B2D2-29F8-C7985CCAEB30}.Debug|x64.Build.0 = Debug|Any CPU
		{A7B5E9A0-6122-B2D2-29F8-C7985CCAEB30}.Debug|x86.ActiveCfg = Debug|Any CPU
		{A7B5E9A0-6122-B2D2-29F8-C7985CCAEB30}.Debug|x86.Build.0 = Debug|Any CPU
		{A7B5E9A0-6122-B2D2-29F8-C7985CCAEB30}.Release|Any CPU.ActiveCfg = Release|Any CPU
		{A7B5E9A0-6122-B2D2-29F8-C7985CCAEB30}.Release|Any CPU.Build.0 = Release|Any CPU
		{A7B5E9A0-6122-B2D2-29F8-C7985CCAEB30}.Release|x64.ActiveCfg = Release|Any CPU
		{A7B5E9A0-6122-B2D2-29F8-C7985CCAEB30}.Release|x64.Build.0 = Release|Any CPU
		{A7B5E9A0-6122-B2D2-29F8-C7985CCAEB30}.Release|x86.ActiveCfg = Release|Any CPU
		{A7B5E9A0-6122-B2D2-29F8-C7985CCAEB30}.Release|x86.Build.0 = Release|Any CPU
		{833D7434-D05A-5B95-0EF1-9C0FED82F0EF}.Debug|Any CPU.ActiveCfg = Debug|Any CPU
		{833D7434-D05A-5B95-0EF1-9C0FED82F0EF}.Debug|Any CPU.Build.0 = Debug|Any CPU
		{833D7434-D05A-5B95-0EF1-9C0FED82F0EF}.Debug|x64.ActiveCfg = Debug|Any CPU
		{833D7434-D05A-5B95-0EF1-9C0FED82F0EF}.Debug|x64.Build.0 = Debug|Any CPU
		{833D7434-D05A-5B95-0EF1-9C0FED82F0EF}.Debug|x86.ActiveCfg = Debug|Any CPU
		{833D7434-D05A-5B95-0EF1-9C0FED82F0EF}.Debug|x86.Build.0 = Debug|Any CPU
		{833D7434-D05A-5B95-0EF1-9C0FED82F0EF}.Release|Any CPU.ActiveCfg = Release|Any CPU
		{833D7434-D05A-5B95-0EF1-9C0FED82F0EF}.Release|Any CPU.Build.0 = Release|Any CPU
		{833D7434-D05A-5B95-0EF1-9C0FED82F0EF}.Release|x64.ActiveCfg = Release|Any CPU
		{833D7434-D05A-5B95-0EF1-9C0FED82F0EF}.Release|x64.Build.0 = Release|Any CPU
		{833D7434-D05A-5B95-0EF1-9C0FED82F0EF}.Release|x86.ActiveCfg = Release|Any CPU
		{833D7434-D05A-5B95-0EF1-9C0FED82F0EF}.Release|x86.Build.0 = Release|Any CPU
		{82D52D09-A6B5-A75F-7150-B3EDC3AA28B6}.Debug|Any CPU.ActiveCfg = Debug|Any CPU
		{82D52D09-A6B5-A75F-7150-B3EDC3AA28B6}.Debug|Any CPU.Build.0 = Debug|Any CPU
		{82D52D09-A6B5-A75F-7150-B3EDC3AA28B6}.Debug|x64.ActiveCfg = Debug|Any CPU
		{82D52D09-A6B5-A75F-7150-B3EDC3AA28B6}.Debug|x64.Build.0 = Debug|Any CPU
		{82D52D09-A6B5-A75F-7150-B3EDC3AA28B6}.Debug|x86.ActiveCfg = Debug|Any CPU
		{82D52D09-A6B5-A75F-7150-B3EDC3AA28B6}.Debug|x86.Build.0 = Debug|Any CPU
		{82D52D09-A6B5-A75F-7150-B3EDC3AA28B6}.Release|Any CPU.ActiveCfg = Release|Any CPU
		{82D52D09-A6B5-A75F-7150-B3EDC3AA28B6}.Release|Any CPU.Build.0 = Release|Any CPU
		{82D52D09-A6B5-A75F-7150-B3EDC3AA28B6}.Release|x64.ActiveCfg = Release|Any CPU
		{82D52D09-A6B5-A75F-7150-B3EDC3AA28B6}.Release|x64.Build.0 = Release|Any CPU
		{82D52D09-A6B5-A75F-7150-B3EDC3AA28B6}.Release|x86.ActiveCfg = Release|Any CPU
		{82D52D09-A6B5-A75F-7150-B3EDC3AA28B6}.Release|x86.Build.0 = Release|Any CPU
		{A5E949BC-3489-626E-1414-A47956B543F6}.Debug|Any CPU.ActiveCfg = Debug|Any CPU
		{A5E949BC-3489-626E-1414-A47956B543F6}.Debug|Any CPU.Build.0 = Debug|Any CPU
		{A5E949BC-3489-626E-1414-A47956B543F6}.Debug|x64.ActiveCfg = Debug|Any CPU
		{A5E949BC-3489-626E-1414-A47956B543F6}.Debug|x64.Build.0 = Debug|Any CPU
		{A5E949BC-3489-626E-1414-A47956B543F6}.Debug|x86.ActiveCfg = Debug|Any CPU
		{A5E949BC-3489-626E-1414-A47956B543F6}.Debug|x86.Build.0 = Debug|Any CPU
		{A5E949BC-3489-626E-1414-A47956B543F6}.Release|Any CPU.ActiveCfg = Release|Any CPU
		{A5E949BC-3489-626E-1414-A47956B543F6}.Release|Any CPU.Build.0 = Release|Any CPU
		{A5E949BC-3489-626E-1414-A47956B543F6}.Release|x64.ActiveCfg = Release|Any CPU
		{A5E949BC-3489-626E-1414-A47956B543F6}.Release|x64.Build.0 = Release|Any CPU
		{A5E949BC-3489-626E-1414-A47956B543F6}.Release|x86.ActiveCfg = Release|Any CPU
		{A5E949BC-3489-626E-1414-A47956B543F6}.Release|x86.Build.0 = Release|Any CPU
		{81DDED9D-158B-E303-5F62-77A2896D2A5A}.Debug|Any CPU.ActiveCfg = Debug|Any CPU
		{81DDED9D-158B-E303-5F62-77A2896D2A5A}.Debug|Any CPU.Build.0 = Debug|Any CPU
		{81DDED9D-158B-E303-5F62-77A2896D2A5A}.Debug|x64.ActiveCfg = Debug|x64
		{81DDED9D-158B-E303-5F62-77A2896D2A5A}.Debug|x86.ActiveCfg = Debug|x86
		{81DDED9D-158B-E303-5F62-77A2896D2A5A}.Release|Any CPU.ActiveCfg = Release|Any CPU
		{81DDED9D-158B-E303-5F62-77A2896D2A5A}.Release|Any CPU.Build.0 = Release|Any CPU
		{81DDED9D-158B-E303-5F62-77A2896D2A5A}.Release|x64.ActiveCfg = Release|x64
		{81DDED9D-158B-E303-5F62-77A2896D2A5A}.Release|x86.ActiveCfg = Release|x86
		{803BBFDB-0867-42C2-B6E1-B643B289438D}.Debug|Any CPU.ActiveCfg = Debug|Any CPU
		{803BBFDB-0867-42C2-B6E1-B643B289438D}.Debug|Any CPU.Build.0 = Debug|Any CPU
		{803BBFDB-0867-42C2-B6E1-B643B289438D}.Debug|x64.ActiveCfg = Debug|Any CPU
		{803BBFDB-0867-42C2-B6E1-B643B289438D}.Debug|x64.Build.0 = Debug|Any CPU
		{803BBFDB-0867-42C2-B6E1-B643B289438D}.Debug|x86.ActiveCfg = Debug|Any CPU
		{803BBFDB-0867-42C2-B6E1-B643B289438D}.Debug|x86.Build.0 = Debug|Any CPU
		{803BBFDB-0867-42C2-B6E1-B643B289438D}.Release|Any CPU.ActiveCfg = Release|Any CPU
		{803BBFDB-0867-42C2-B6E1-B643B289438D}.Release|Any CPU.Build.0 = Release|Any CPU
		{803BBFDB-0867-42C2-B6E1-B643B289438D}.Release|x64.ActiveCfg = Release|Any CPU
		{803BBFDB-0867-42C2-B6E1-B643B289438D}.Release|x64.Build.0 = Release|Any CPU
		{803BBFDB-0867-42C2-B6E1-B643B289438D}.Release|x86.ActiveCfg = Release|Any CPU
		{803BBFDB-0867-42C2-B6E1-B643B289438D}.Release|x86.Build.0 = Release|Any CPU
		{759B412B-5113-43F0-9376-EA99BDE14744}.Debug|Any CPU.ActiveCfg = Debug|Any CPU
		{759B412B-5113-43F0-9376-EA99BDE14744}.Debug|Any CPU.Build.0 = Debug|Any CPU
		{759B412B-5113-43F0-9376-EA99BDE14744}.Debug|x64.ActiveCfg = Debug|Any CPU
		{759B412B-5113-43F0-9376-EA99BDE14744}.Debug|x64.Build.0 = Debug|Any CPU
		{759B412B-5113-43F0-9376-EA99BDE14744}.Debug|x86.ActiveCfg = Debug|Any CPU
		{759B412B-5113-43F0-9376-EA99BDE14744}.Debug|x86.Build.0 = Debug|Any CPU
		{759B412B-5113-43F0-9376-EA99BDE14744}.Release|Any CPU.ActiveCfg = Release|Any CPU
		{759B412B-5113-43F0-9376-EA99BDE14744}.Release|Any CPU.Build.0 = Release|Any CPU
		{759B412B-5113-43F0-9376-EA99BDE14744}.Release|x64.ActiveCfg = Release|Any CPU
		{759B412B-5113-43F0-9376-EA99BDE14744}.Release|x64.Build.0 = Release|Any CPU
		{759B412B-5113-43F0-9376-EA99BDE14744}.Release|x86.ActiveCfg = Release|Any CPU
		{759B412B-5113-43F0-9376-EA99BDE14744}.Release|x86.Build.0 = Release|Any CPU
		{6FBFF9F4-600B-4C2E-BCC9-47F2FF407936}.Debug|Any CPU.ActiveCfg = Debug|Any CPU
		{6FBFF9F4-600B-4C2E-BCC9-47F2FF407936}.Debug|Any CPU.Build.0 = Debug|Any CPU
		{6FBFF9F4-600B-4C2E-BCC9-47F2FF407936}.Debug|x64.ActiveCfg = Debug|Any CPU
		{6FBFF9F4-600B-4C2E-BCC9-47F2FF407936}.Debug|x64.Build.0 = Debug|Any CPU
		{6FBFF9F4-600B-4C2E-BCC9-47F2FF407936}.Debug|x86.ActiveCfg = Debug|Any CPU
		{6FBFF9F4-600B-4C2E-BCC9-47F2FF407936}.Debug|x86.Build.0 = Debug|Any CPU
		{6FBFF9F4-600B-4C2E-BCC9-47F2FF407936}.Release|Any CPU.ActiveCfg = Release|Any CPU
		{6FBFF9F4-600B-4C2E-BCC9-47F2FF407936}.Release|Any CPU.Build.0 = Release|Any CPU
		{6FBFF9F4-600B-4C2E-BCC9-47F2FF407936}.Release|x64.ActiveCfg = Release|Any CPU
		{6FBFF9F4-600B-4C2E-BCC9-47F2FF407936}.Release|x64.Build.0 = Release|Any CPU
		{6FBFF9F4-600B-4C2E-BCC9-47F2FF407936}.Release|x86.ActiveCfg = Release|Any CPU
		{6FBFF9F4-600B-4C2E-BCC9-47F2FF407936}.Release|x86.Build.0 = Release|Any CPU
		{3868D976-05B8-43EC-AE6A-D0CB423670A4}.Debug|Any CPU.ActiveCfg = Debug|Any CPU
		{3868D976-05B8-43EC-AE6A-D0CB423670A4}.Debug|Any CPU.Build.0 = Debug|Any CPU
		{3868D976-05B8-43EC-AE6A-D0CB423670A4}.Debug|x64.ActiveCfg = Debug|Any CPU
		{3868D976-05B8-43EC-AE6A-D0CB423670A4}.Debug|x64.Build.0 = Debug|Any CPU
		{3868D976-05B8-43EC-AE6A-D0CB423670A4}.Debug|x86.ActiveCfg = Debug|Any CPU
		{3868D976-05B8-43EC-AE6A-D0CB423670A4}.Debug|x86.Build.0 = Debug|Any CPU
		{3868D976-05B8-43EC-AE6A-D0CB423670A4}.Release|Any CPU.ActiveCfg = Release|Any CPU
		{3868D976-05B8-43EC-AE6A-D0CB423670A4}.Release|Any CPU.Build.0 = Release|Any CPU
		{3868D976-05B8-43EC-AE6A-D0CB423670A4}.Release|x64.ActiveCfg = Release|Any CPU
		{3868D976-05B8-43EC-AE6A-D0CB423670A4}.Release|x64.Build.0 = Release|Any CPU
		{3868D976-05B8-43EC-AE6A-D0CB423670A4}.Release|x86.ActiveCfg = Release|Any CPU
		{3868D976-05B8-43EC-AE6A-D0CB423670A4}.Release|x86.Build.0 = Release|Any CPU
	EndGlobalSection
	GlobalSection(SolutionProperties) = preSolution
		HideSolutionNode = FALSE
	EndGlobalSection
	GlobalSection(NestedProjects) = preSolution
		{9D937C13-3693-4830-8818-89AE22536AB2} = {02EA681E-C7D8-13C7-8484-4AC65E1B71E8}
		{A7B5E9A0-6122-B2D2-29F8-C7985CCAEB30} = {9D937C13-3693-4830-8818-89AE22536AB2}
		{833D7434-D05A-5B95-0EF1-9C0FED82F0EF} = {9D937C13-3693-4830-8818-89AE22536AB2}
		{82D52D09-A6B5-A75F-7150-B3EDC3AA28B6} = {9D937C13-3693-4830-8818-89AE22536AB2}
		{A5E949BC-3489-626E-1414-A47956B543F6} = {9D937C13-3693-4830-8818-89AE22536AB2}
		{803BBFDB-0867-42C2-B6E1-B643B289438D} = {9D937C13-3693-4830-8818-89AE22536AB2}
		{759B412B-5113-43F0-9376-EA99BDE14744} = {9D937C13-3693-4830-8818-89AE22536AB2}
		{6FBFF9F4-600B-4C2E-BCC9-47F2FF407936} = {9D937C13-3693-4830-8818-89AE22536AB2}
		{3868D976-05B8-43EC-AE6A-D0CB423670A4} = {9D937C13-3693-4830-8818-89AE22536AB2}
	EndGlobalSection
	GlobalSection(ExtensibilityGlobals) = postSolution
		SolutionGuid = {89809677-5E16-4973-9FC4-6F32632A4131}
	EndGlobalSection
EndGlobal
